
Microsoft Visual Studio Solution File, Format Version 11.00
# Visual Studio 2010
Project("{E17AB4A1-DF35-4579-9E91-0CFFBFB6391A}") = "BBB", "BBB.ucproj", "{B21646AE-5E99-4BF7-89DB-7F624AD4FC7A}"
EndProject
Global
	GlobalSection(SolutionConfigurationPlatforms) = preSolution
		Debug|Win32 = Debug|Win32
		Release|Win32 = Release|Win32
	EndGlobalSection
	GlobalSection(ProjectConfigurationPlatforms) = postSolution
		{B21646AE-5E99-4BF7-89DB-7F624AD4FC7A}.Debug|Win32.ActiveCfg = Debug|Win32
		{B21646AE-5E99-4BF7-89DB-7F624AD4FC7A}.Debug|Win32.Build.0 = Debug|Win32
		{B21646AE-5E99-4BF7-89DB-7F624AD4FC7A}.Release|Win32.ActiveCfg = Release|Win32
		{B21646AE-5E99-4BF7-89DB-7F624AD4FC7A}.Release|Win32.Build.0 = Release|Win32
	EndGlobalSection
	GlobalSection(SolutionProperties) = preSolution
		HideSolutionNode = FALSE
	EndGlobalSection
EndGlobal
